// !$*UTF8*$!
{
	archiveVersion = 1;
	classes = {
	};
	objectVersion = 55;
	objects = {

/* Begin PBXBuildFile section */
		89BCD48728BE71AF00E1B543 /* AppDelegate.swift in Sources */ = {isa = PBXBuildFile; fileRef = 89BCD48628BE71AF00E1B543 /* AppDelegate.swift */; };
		89BCD48928BE71AF00E1B543 /* SceneDelegate.swift in Sources */ = {isa = PBXBuildFile; fileRef = 89BCD48828BE71AF00E1B543 /* SceneDelegate.swift */; };
		89BCD48B28BE71AF00E1B543 /* ViewController.swift in Sources */ = {isa = PBXBuildFile; fileRef = 89BCD48A28BE71AF00E1B543 /* ViewController.swift */; };
		89BCD49028BE71B000E1B543 /* Assets.xcassets in Resources */ = {isa = PBXBuildFile; fileRef = 89BCD48F28BE71B000E1B543 /* Assets.xcassets */; };
		89BCD49328BE71B000E1B543 /* LaunchScreen.storyboard in Resources */ = {isa = PBXBuildFile; fileRef = 89BCD49128BE71B000E1B543 /* LaunchScreen.storyboard */; };
		89BCD4A328BE762600E1B543 /* Model.swift in Sources */ = {isa = PBXBuildFile; fileRef = 89BCD4A228BE762600E1B543 /* Model.swift */; };
		89BCD4A528BE781800E1B543 /* TitleViewCell.swift in Sources */ = {isa = PBXBuildFile; fileRef = 89BCD4A428BE781800E1B543 /* TitleViewCell.swift */; };
		89BCD4A828BE78CA00E1B543 /* SnapKit in Frameworks */ = {isa = PBXBuildFile; productRef = 89BCD4A728BE78CA00E1B543 /* SnapKit */; };
/* End PBXBuildFile section */

/* Begin PBXFileReference section */
		89BCD48328BE71AF00E1B543 /* HW13-settings-screen.app */ = {isa = PBXFileReference; explicitFileType = wrapper.application; includeInIndex = 0; path = "HW13-settings-screen.app"; sourceTree = BUILT_PRODUCTS_DIR; };
		89BCD48628BE71AF00E1B543 /* AppDelegate.swift */ = {isa = PBXFileReference; lastKnownFileType = sourcecode.swift; path = AppDelegate.swift; sourceTree = "<group>"; };
		89BCD48828BE71AF00E1B543 /* SceneDelegate.swift */ = {isa = PBXFileReference; lastKnownFileType = sourcecode.swift; path = SceneDelegate.swift; sourceTree = "<group>"; };
		89BCD48A28BE71AF00E1B543 /* ViewController.swift */ = {isa = PBXFileReference; lastKnownFileType = sourcecode.swift; path = ViewController.swift; sourceTree = "<group>"; };
		89BCD48F28BE71B000E1B543 /* Assets.xcassets */ = {isa = PBXFileReference; lastKnownFileType = folder.assetcatalog; path = Assets.xcassets; sourceTree = "<group>"; };
		89BCD49228BE71B000E1B543 /* Base */ = {isa = PBXFileReference; lastKnownFileType = file.storyboard; name = Base; path = Base.lproj/LaunchScreen.storyboard; sourceTree = "<group>"; };
		89BCD49428BE71B000E1B543 /* Info.plist */ = {isa = PBXFileReference; lastKnownFileType = text.plist.xml; path = Info.plist; sourceTree = "<group>"; };
		89BCD4A228BE762600E1B543 /* Model.swift */ = {isa = PBXFileReference; lastKnownFileType = sourcecode.swift; path = Model.swift; sourceTree = "<group>"; };
		89BCD4A428BE781800E1B543 /* TitleViewCell.swift */ = {isa = PBXFileReference; lastKnownFileType = sourcecode.swift; path = TitleViewCell.swift; sourceTree = "<group>"; };
/* End PBXFileReference section */

/* Begin PBXFrameworksBuildPhase section */
		89BCD48028BE71AF00E1B543 /* Frameworks */ = {
			isa = PBXFrameworksBuildPhase;
			buildActionMask = 2147483647;
			files = (
				89BCD4A828BE78CA00E1B543 /* SnapKit in Frameworks */,
			);
			runOnlyForDeploymentPostprocessing = 0;
		};
/* End PBXFrameworksBuildPhase section */

/* Begin PBXGroup section */
		89BCD47A28BE71AF00E1B543 = {
			isa = PBXGroup;
			children = (
				89BCD48528BE71AF00E1B543 /* HW13-settings-screen */,
				89BCD48428BE71AF00E1B543 /* Products */,
			);
			sourceTree = "<group>";
		};
		89BCD48428BE71AF00E1B543 /* Products */ = {
			isa = PBXGroup;
			children = (
				89BCD48328BE71AF00E1B543 /* HW13-settings-screen.app */,
			);
			name = Products;
			sourceTree = "<group>";
		};
		89BCD48528BE71AF00E1B543 /* HW13-settings-screen */ = {
			isa = PBXGroup;
			children = (
				89BCD49D28BE72AC00E1B543 /* Resources */,
				89BCD49A28BE728B00E1B543 /* Sources */,
			);
			path = "HW13-settings-screen";
			sourceTree = "<group>";
		};
		89BCD49A28BE728B00E1B543 /* Sources */ = {
			isa = PBXGroup;
			children = (
				89BCD49F28BE72C800E1B543 /* Storyboard */,
				89BCD49C28BE729C00E1B543 /* Controllers */,
				89BCD4A128BE732B00E1B543 /* Model */,
				89BCD49B28BE729600E1B543 /* App */,
			);
			path = Sources;
			sourceTree = "<group>";
		};
		89BCD49B28BE729600E1B543 /* App */ = {
			isa = PBXGroup;
			children = (
				89BCD48628BE71AF00E1B543 /* AppDelegate.swift */,
				89BCD48828BE71AF00E1B543 /* SceneDelegate.swift */,
			);
			path = App;
			sourceTree = "<group>";
		};
		89BCD49C28BE729C00E1B543 /* Controllers */ = {
			isa = PBXGroup;
			children = (
				89BCD4A028BE730200E1B543 /* TableViewCell */,
				89BCD48A28BE71AF00E1B543 /* ViewController.swift */,
			);
			path = Controllers;
			sourceTree = "<group>";
		};
		89BCD49D28BE72AC00E1B543 /* Resources */ = {
			isa = PBXGroup;
			children = (
				89BCD48F28BE71B000E1B543 /* Assets.xcassets */,
				89BCD49E28BE72B400E1B543 /* Configuration */,
			);
			path = Resources;
			sourceTree = "<group>";
		};
		89BCD49E28BE72B400E1B543 /* Configuration */ = {
			isa = PBXGroup;
			children = (
				89BCD49428BE71B000E1B543 /* Info.plist */,
			);
			path = Configuration;
			sourceTree = "<group>";
		};
		89BCD49F28BE72C800E1B543 /* Storyboard */ = {
			isa = PBXGroup;
			children = (
				89BCD49128BE71B000E1B543 /* LaunchScreen.storyboard */,
			);
			path = Storyboard;
			sourceTree = "<group>";
		};
		89BCD4A028BE730200E1B543 /* TableViewCell */ = {
			isa = PBXGroup;
			children = (
				89BCD4A428BE781800E1B543 /* TitleViewCell.swift */,
			);
			path = TableViewCell;
			sourceTree = "<group>";
		};
		89BCD4A128BE732B00E1B543 /* Model */ = {
			isa = PBXGroup;
			children = (
				89BCD4A228BE762600E1B543 /* Model.swift */,
			);
			path = Model;
			sourceTree = "<group>";
		};
/* End PBXGroup section */

/* Begin PBXNativeTarget section */
		89BCD48228BE71AF00E1B543 /* HW13-settings-screen */ = {
			isa = PBXNativeTarget;
			buildConfigurationList = 89BCD49728BE71B000E1B543 /* Build configuration list for PBXNativeTarget "HW13-settings-screen" */;
			buildPhases = (
				89BCD47F28BE71AF00E1B543 /* Sources */,
				89BCD48028BE71AF00E1B543 /* Frameworks */,
				89BCD48128BE71AF00E1B543 /* Resources */,
			);
			buildRules = (
			);
			dependencies = (
			);
			name = "HW13-settings-screen";
			packageProductDependencies = (
				89BCD4A728BE78CA00E1B543 /* SnapKit */,
			);
			productName = "HW13-settings-screen";
			productReference = 89BCD48328BE71AF00E1B543 /* HW13-settings-screen.app */;
			productType = "com.apple.product-type.application";
		};
/* End PBXNativeTarget section */

/* Begin PBXProject section */
		89BCD47B28BE71AF00E1B543 /* Project object */ = {
			isa = PBXProject;
			attributes = {
				BuildIndependentTargetsInParallel = 1;
				LastSwiftUpdateCheck = 1340;
				LastUpgradeCheck = 1340;
				TargetAttributes = {
					89BCD48228BE71AF00E1B543 = {
						CreatedOnToolsVersion = 13.4.1;
					};
				};
			};
			buildConfigurationList = 89BCD47E28BE71AF00E1B543 /* Build configuration list for PBXProject "HW13-settings-screen" */;
			compatibilityVersion = "Xcode 13.0";
			developmentRegion = en;
			hasScannedForEncodings = 0;
			knownRegions = (
				en,
				Base,
			);
			mainGroup = 89BCD47A28BE71AF00E1B543;
			packageReferences = (
				89BCD4A628BE78CA00E1B543 /* XCRemoteSwiftPackageReference "SnapKit" */,
			);
			productRefGroup = 89BCD48428BE71AF00E1B543 /* Products */;
			projectDirPath = "";
			projectRoot = "";
			targets = (
				89BCD48228BE71AF00E1B543 /* HW13-settings-screen */,
			);
		};
/* End PBXProject section */

/* Begin PBXResourcesBuildPhase section */
		89BCD48128BE71AF00E1B543 /* Resources */ = {
			isa = PBXResourcesBuildPhase;
			buildActionMask = 2147483647;
			files = (
				89BCD49328BE71B000E1B543 /* LaunchScreen.storyboard in Resources */,
				89BCD49028BE71B000E1B543 /* Assets.xcassets in Resources */,
			);
			runOnlyForDeploymentPostprocessing = 0;
		};
/* End PBXResourcesBuildPhase section */

/* Begin PBXSourcesBuildPhase section */
		89BCD47F28BE71AF00E1B543 /* Sources */ = {
			isa = PBXSourcesBuildPhase;
			buildActionMask = 2147483647;
			files = (
				89BCD48B28BE71AF00E1B543 /* ViewController.swift in Sources */,
				89BCD4A528BE781800E1B543 /* TitleViewCell.swift in Sources */,
				89BCD48728BE71AF00E1B543 /* AppDelegate.swift in Sources */,
				89BCD48928BE71AF00E1B543 /* SceneDelegate.swift in Sources */,
				89BCD4A328BE762600E1B543 /* Model.swift in Sources */,
			);
			runOnlyForDeploymentPostprocessing = 0;
		};
/* End PBXSourcesBuildPhase section */

/* Begin PBXVariantGroup section */
		89BCD49128BE71B000E1B543 /* LaunchScreen.storyboard */ = {
			isa = PBXVariantGroup;
			children = (
				89BCD49228BE71B000E1B543 /* Base */,
			);
			name = LaunchScreen.storyboard;
			sourceTree = "<group>";
		};
/* End PBXVariantGroup section */

/* Begin XCBuildConfiguration section */
		89BCD49528BE71B000E1B543 /* Debug */ = {
			isa = XCBuildConfiguration;
			buildSettings = {
				ALWAYS_SEARCH_USER_PATHS = NO;
				CLANG_ANALYZER_NONNULL = YES;
				CLANG_ANALYZER_NUMBER_OBJECT_CONVERSION = YES_AGGRESSIVE;
				CLANG_CXX_LANGUAGE_STANDARD = "gnu++17";
				CLANG_ENABLE_MODULES = YES;
				CLANG_ENABLE_OBJC_ARC = YES;
				CLANG_ENABLE_OBJC_WEAK = YES;
				CLANG_WARN_BLOCK_CAPTURE_AUTORELEASING = YES;
				CLANG_WARN_BOOL_CONVERSION = YES;
				CLANG_WARN_COMMA = YES;
				CLANG_WARN_CONSTANT_CONVERSION = YES;
				CLANG_WARN_DEPRECATED_OBJC_IMPLEMENTATIONS = YES;
				CLANG_WARN_DIRECT_OBJC_ISA_USAGE = YES_ERROR;
				CLANG_WARN_DOCUMENTATION_COMMENTS = YES;
				CLANG_WARN_EMPTY_BODY = YES;
				CLANG_WARN_ENUM_CONVERSION = YES;
				CLANG_WARN_INFINITE_RECURSION = YES;
				CLANG_WARN_INT_CONVERSION = YES;
				CLANG_WARN_NON_LITERAL_NULL_CONVERSION = YES;
				CLANG_WARN_OBJC_IMPLICIT_RETAIN_SELF = YES;
				CLANG_WARN_OBJC_LITERAL_CONVERSION = YES;
				CLANG_WARN_OBJC_ROOT_CLASS = YES_ERROR;
				CLANG_WARN_QUOTED_INCLUDE_IN_FRAMEWORK_HEADER = YES;
				CLANG_WARN_RANGE_LOOP_ANALYSIS = YES;
				CLANG_WARN_STRICT_PROTOTYPES = YES;
				CLANG_WARN_SUSPICIOUS_MOVE = YES;
				CLANG_WARN_UNGUARDED_AVAILABILITY = YES_AGGRESSIVE;
				CLANG_WARN_UNREACHABLE_CODE = YES;
				CLANG_WARN__DUPLICATE_METHOD_MATCH = YES;
				COPY_PHASE_STRIP = NO;
				DEBUG_INFORMATION_FORMAT = dwarf;
				ENABLE_STRICT_OBJC_MSGSEND = YES;
				ENABLE_TESTABILITY = YES;
				GCC_C_LANGUAGE_STANDARD = gnu11;
				GCC_DYNAMIC_NO_PIC = NO;
				GCC_NO_COMMON_BLOCKS = YES;
				GCC_OPTIMIZATION_LEVEL = 0;
				GCC_PREPROCESSOR_DEFINITIONS = (
					"DEBUG=1",
					"$(inherited)",
				);
				GCC_WARN_64_TO_32_BIT_CONVERSION = YES;
				GCC_WARN_ABOUT_RETURN_TYPE = YES_ERROR;
				GCC_WARN_UNDECLARED_SELECTOR = YES;
				GCC_WARN_UNINITIALIZED_AUTOS = YES_AGGRESSIVE;
				GCC_WARN_UNUSED_FUNCTION = YES;
				GCC_WARN_UNUSED_VARIABLE = YES;
				IPHONEOS_DEPLOYMENT_TARGET = 15.5;
				MTL_ENABLE_DEBUG_INFO = INCLUDE_SOURCE;
				MTL_FAST_MATH = YES;
				ONLY_ACTIVE_ARCH = YES;
				SDKROOT = iphoneos;
				SWIFT_ACTIVE_COMPILATION_CONDITIONS = DEBUG;
				SWIFT_OPTIMIZATION_LEVEL = "-Onone";
			};
			name = Debug;
		};
		89BCD49628BE71B000E1B543 /* Release */ = {
			isa = XCBuildConfiguration;
			buildSettings = {
				ALWAYS_SEARCH_USER_PATHS = NO;
				CLANG_ANALYZER_NONNULL = YES;
				CLANG_ANALYZER_NUMBER_OBJECT_CONVERSION = YES_AGGRESSIVE;
				CLANG_CXX_LANGUAGE_STANDARD = "gnu++17";
				CLANG_ENABLE_MODULES = YES;
				CLANG_ENABLE_OBJC_ARC = YES;
				CLANG_ENABLE_OBJC_WEAK = YES;
				CLANG_WARN_BLOCK_CAPTURE_AUTORELEASING = YES;
				CLANG_WARN_BOOL_CONVERSION = YES;
				CLANG_WARN_COMMA = YES;
				CLANG_WARN_CONSTANT_CONVERSION = YES;
				CLANG_WARN_DEPRECATED_OBJC_IMPLEMENTATIONS = YES;
				CLANG_WARN_DIRECT_OBJC_ISA_USAGE = YES_ERROR;
				CLANG_WARN_DOCUMENTATION_COMMENTS = YES;
				CLANG_WARN_EMPTY_BODY = YES;
				CLANG_WARN_ENUM_CONVERSION = YES;
				CLANG_WARN_INFINITE_RECURSION = YES;
				CLANG_WARN_INT_CONVERSION = YES;
				CLANG_WARN_NON_LITERAL_NULL_CONVERSION = YES;
				CLANG_WARN_OBJC_IMPLICIT_RETAIN_SELF = YES;
				CLANG_WARN_OBJC_LITERAL_CONVERSION = YES;
				CLANG_WARN_OBJC_ROOT_CLASS = YES_ERROR;
				CLANG_WARN_QUOTED_INCLUDE_IN_FRAMEWORK_HEADER = YES;
				CLANG_WARN_RANGE_LOOP_ANALYSIS = YES;
				CLANG_WARN_STRICT_PROTOTYPES = YES;
				CLANG_WARN_SUSPICIOUS_MOVE = YES;
				CLANG_WARN_UNGUARDED_AVAILABILITY = YES_AGGRESSIVE;
				CLANG_WARN_UNREACHABLE_CODE = YES;
				CLANG_WARN__DUPLICATE_METHOD_MATCH = YES;
				COPY_PHASE_STRIP = NO;
				DEBUG_INFORMATION_FORMAT = "dwarf-with-dsym";
				ENABLE_NS_ASSERTIONS = NO;
				ENABLE_STRICT_OBJC_MSGSEND = YES;
				GCC_C_LANGUAGE_STANDARD = gnu11;
				GCC_NO_COMMON_BLOCKS = YES;
				GCC_WARN_64_TO_32_BIT_CONVERSION = YES;
				GCC_WARN_ABOUT_RETURN_TYPE = YES_ERROR;
				GCC_WARN_UNDECLARED_SELECTOR = YES;
				GCC_WARN_UNINITIALIZED_AUTOS = YES_AGGRESSIVE;
				GCC_WARN_UNUSED_FUNCTION = YES;
				GCC_WARN_UNUSED_VARIABLE = YES;
				IPHONEOS_DEPLOYMENT_TARGET = 15.5;
				MTL_ENABLE_DEBUG_INFO = NO;
				MTL_FAST_MATH = YES;
				SDKROOT = iphoneos;
				SWIFT_COMPILATION_MODE = wholemodule;
				SWIFT_OPTIMIZATION_LEVEL = "-O";
				VALIDATE_PRODUCT = YES;
			};
			name = Release;
		};
		89BCD49828BE71B000E1B543 /* Debug */ = {
			isa = XCBuildConfiguration;
			buildSettings = {
				ASSETCATALOG_COMPILER_APPICON_NAME = AppIcon;
				ASSETCATALOG_COMPILER_GLOBAL_ACCENT_COLOR_NAME = AccentColor;
				CODE_SIGN_STYLE = Automatic;
				CURRENT_PROJECT_VERSION = 1;
				DEVELOPMENT_TEAM = 8Y2M33565N;
				GENERATE_INFOPLIST_FILE = YES;
				INFOPLIST_FILE = "HW13-settings-screen/Resources/Configuration/Info.plist";
				INFOPLIST_KEY_UIApplicationSupportsIndirectInputEvents = YES;
				INFOPLIST_KEY_UILaunchStoryboardName = LaunchScreen;
				INFOPLIST_KEY_UIMainStoryboardFile = Main;
				INFOPLIST_KEY_UISupportedInterfaceOrientations_iPad = "UIInterfaceOrientationPortrait UIInterfaceOrientationPortraitUpsideDown UIInterfaceOrientationLandscapeLeft UIInterfaceOrientationLandscapeRight";
				INFOPLIST_KEY_UISupportedInterfaceOrientations_iPhone = "UIInterfaceOrientationPortrait UIInterfaceOrientationLandscapeLeft UIInterfaceOrientationLandscapeRight";
				LD_RUNPATH_SEARCH_PATHS = (
					"$(inherited)",
					"@executable_path/Frameworks",
				);
				MARKETING_VERSION = 1.0;
				PRODUCT_BUNDLE_IDENTIFIER = "NikitaZhiltsov.HW13-settings-screen";
				PRODUCT_NAME = "$(TARGET_NAME)";
				SWIFT_EMIT_LOC_STRINGS = YES;
				SWIFT_VERSION = 5.0;
				TARGETED_DEVICE_FAMILY = "1,2";
			};
			name = Debug;
		};
		89BCD49928BE71B000E1B543 /* Release */ = {
			isa = XCBuildConfiguration;
			buildSettings = {
				ASSETCATALOG_COMPILER_APPICON_NAME = AppIcon;
				ASSETCATALOG_COMPILER_GLOBAL_ACCENT_COLOR_NAME = AccentColor;
				CODE_SIGN_STYLE = Automatic;
				CURRENT_PROJECT_VERSION = 1;
				DEVELOPMENT_TEAM = 8Y2M33565N;
				GENERATE_INFOPLIST_FILE = YES;
				INFOPLIST_FILE = "HW13-settings-screen/Resources/Configuration/Info.plist";
				INFOPLIST_KEY_UIApplicationSupportsIndirectInputEvents = YES;
				INFOPLIST_KEY_UILaunchStoryboardName = LaunchScreen;
				INFOPLIST_KEY_UIMainStoryboardFile = Main;
				INFOPLIST_KEY_UISupportedInterfaceOrientations_iPad = "UIInterfaceOrientationPortrait UIInterfaceOrientationPortraitUpsideDown UIInterfaceOrientationLandscapeLeft UIInterfaceOrientationLandscapeRight";
				INFOPLIST_KEY_UISupportedInterfaceOrientations_iPhone = "UIInterfaceOrientationPortrait UIInterfaceOrientationLandscapeLeft UIInterfaceOrientationLandscapeRight";
				LD_RUNPATH_SEARCH_PATHS = (
					"$(inherited)",
					"@executable_path/Frameworks",
				);
				MARKETING_VERSION = 1.0;
				PRODUCT_BUNDLE_IDENTIFIER = "NikitaZhiltsov.HW13-settings-screen";
				PRODUCT_NAME = "$(TARGET_NAME)";
				SWIFT_EMIT_LOC_STRINGS = YES;
				SWIFT_VERSION = 5.0;
				TARGETED_DEVICE_FAMILY = "1,2";
			};
			name = Release;
		};
/* End XCBuildConfiguration section */

/* Begin XCConfigurationList section */
		89BCD47E28BE71AF00E1B543 /* Build configuration list for PBXProject "HW13-settings-screen" */ = {
			isa = XCConfigurationList;
			buildConfigurations = (
				89BCD49528BE71B000E1B543 /* Debug */,
				89BCD49628BE71B000E1B543 /* Release */,
			);
			defaultConfigurationIsVisible = 0;
			defaultConfigurationName = Release;
		};
		89BCD49728BE71B000E1B543 /* Build configuration list for PBXNativeTarget "HW13-settings-screen" */ = {
			isa = XCConfigurationList;
			buildConfigurations = (
				89BCD49828BE71B000E1B543 /* Debug */,
				89BCD49928BE71B000E1B543 /* Release */,
			);
			defaultConfigurationIsVisible = 0;
			defaultConfigurationName = Release;
		};
/* End XCConfigurationList section */

/* Begin XCRemoteSwiftPackageReference section */
		89BCD4A628BE78CA00E1B543 /* XCRemoteSwiftPackageReference "SnapKit" */ = {
			isa = XCRemoteSwiftPackageReference;
			repositoryURL = "https://github.com/SnapKit/SnapKit.git";
			requirement = {
				branch = develop;
				kind = branch;
			};
		};
/* End XCRemoteSwiftPackageReference section */

/* Begin XCSwiftPackageProductDependency section */
		89BCD4A728BE78CA00E1B543 /* SnapKit */ = {
			isa = XCSwiftPackageProductDependency;
			package = 89BCD4A628BE78CA00E1B543 /* XCRemoteSwiftPackageReference "SnapKit" */;
			productName = SnapKit;
		};
/* End XCSwiftPackageProductDependency section */
	};
	rootObject = 89BCD47B28BE71AF00E1B543 /* Project object */;
}
